
Microsoft Visual Studio Solution File, Format Version 12.00
# Visual Studio Version 17
VisualStudioVersion = 17.14.36623.8
MinimumVisualStudioVersion = 10.0.40219.1
Project("{FAE04EC0-301F-11D3-BF4B-00C04F79EFBC}") = "LambdaFunctionApp", "LambdaFunctionApp.csproj", "{843F7EC1-3D1B-FF95-9BFA-ED86D0D05D5A}"
EndProject
Global
	GlobalSection(SolutionConfigurationPlatforms) = preSolution
		Debug|Any CPU = Debug|Any CPU
		Debug|x64 = Debug|x64
		Release|Any CPU = Release|Any CPU
		Release|x64 = Release|x64
	EndGlobalSection
	GlobalSection(ProjectConfigurationPlatforms) = postSolution
		{843F7EC1-3D1B-FF95-9BFA-ED86D0D05D5A}.Debug|Any CPU.ActiveCfg = Debug|Any CPU
		{843F7EC1-3D1B-FF95-9BFA-ED86D0D05D5A}.Debug|Any CPU.Build.0 = Debug|Any CPU
		{843F7EC1-3D1B-FF95-9BFA-ED86D0D05D5A}.Debug|x64.ActiveCfg = Debug|Any CPU
		{843F7EC1-3D1B-FF95-9BFA-ED86D0D05D5A}.Debug|x64.Build.0 = Debug|Any CPU
		{843F7EC1-3D1B-FF95-9BFA-ED86D0D05D5A}.Release|Any CPU.ActiveCfg = Release|Any CPU
		{843F7EC1-3D1B-FF95-9BFA-ED86D0D05D5A}.Release|Any CPU.Build.0 = Release|Any CPU
		{843F7EC1-3D1B-FF95-9BFA-ED86D0D05D5A}.Release|x64.ActiveCfg = Release|Any CPU
		{843F7EC1-3D1B-FF95-9BFA-ED86D0D05D5A}.Release|x64.Build.0 = Release|Any CPU
	EndGlobalSection
	GlobalSection(SolutionProperties) = preSolution
		HideSolutionNode = FALSE
	EndGlobalSection
	GlobalSection(ExtensibilityGlobals) = postSolution
		SolutionGuid = {1F03847D-604E-488F-B381-6B3D51E3C7BA}
	EndGlobalSection
EndGlobal
